// !$*UTF8*$!
{
	archiveVersion = 1;
	classes = {
	};
	objectVersion = 48;
	objects = {

/* Begin PBXBuildFile section */
		D48066A31F6065140028170A /* TipModel.swift in Sources */ = {isa = PBXBuildFile; fileRef = D48066A21F6065140028170A /* TipModel.swift */; };
		D48066A51F606C9D0028170A /* SettingsViewController.swift in Sources */ = {isa = PBXBuildFile; fileRef = D48066A41F606C9D0028170A /* SettingsViewController.swift */; };
		D496EE881F5FBD76003671D0 /* AppDelegate.swift in Sources */ = {isa = PBXBuildFile; fileRef = D496EE871F5FBD76003671D0 /* AppDelegate.swift */; };
		D496EE8A1F5FBD76003671D0 /* ViewController.swift in Sources */ = {isa = PBXBuildFile; fileRef = D496EE891F5FBD76003671D0 /* ViewController.swift */; };
		D496EE8D1F5FBD76003671D0 /* Main.storyboard in Resources */ = {isa = PBXBuildFile; fileRef = D496EE8B1F5FBD76003671D0 /* Main.storyboard */; };
		D496EE8F1F5FBD76003671D0 /* Assets.xcassets in Resources */ = {isa = PBXBuildFile; fileRef = D496EE8E1F5FBD76003671D0 /* Assets.xcassets */; };
		D496EE921F5FBD76003671D0 /* LaunchScreen.storyboard in Resources */ = {isa = PBXBuildFile; fileRef = D496EE901F5FBD76003671D0 /* LaunchScreen.storyboard */; };
/* End PBXBuildFile section */

/* Begin PBXFileReference section */
		D48066A21F6065140028170A /* TipModel.swift */ = {isa = PBXFileReference; lastKnownFileType = sourcecode.swift; path = TipModel.swift; sourceTree = "<group>"; };
		D48066A41F606C9D0028170A /* SettingsViewController.swift */ = {isa = PBXFileReference; lastKnownFileType = sourcecode.swift; path = SettingsViewController.swift; sourceTree = "<group>"; };
		D48066A61F60755C0028170A /* README.md */ = {isa = PBXFileReference; lastKnownFileType = net.daringfireball.markdown; path = README.md; sourceTree = "<group>"; };
		D496EE841F5FBD76003671D0 /* tipico.app */ = {isa = PBXFileReference; explicitFileType = wrapper.application; includeInIndex = 0; path = tipico.app; sourceTree = BUILT_PRODUCTS_DIR; };
		D496EE871F5FBD76003671D0 /* AppDelegate.swift */ = {isa = PBXFileReference; lastKnownFileType = sourcecode.swift; path = AppDelegate.swift; sourceTree = "<group>"; };
		D496EE891F5FBD76003671D0 /* ViewController.swift */ = {isa = PBXFileReference; lastKnownFileType = sourcecode.swift; path = ViewController.swift; sourceTree = "<group>"; };
		D496EE8C1F5FBD76003671D0 /* Base */ = {isa = PBXFileReference; lastKnownFileType = file.storyboard; name = Base; path = Base.lproj/Main.storyboard; sourceTree = "<group>"; };
		D496EE8E1F5FBD76003671D0 /* Assets.xcassets */ = {isa = PBXFileReference; lastKnownFileType = folder.assetcatalog; path = Assets.xcassets; sourceTree = "<group>"; };
		D496EE911F5FBD76003671D0 /* Base */ = {isa = PBXFileReference; lastKnownFileType = file.storyboard; name = Base; path = Base.lproj/LaunchScreen.storyboard; sourceTree = "<group>"; };
		D496EE931F5FBD76003671D0 /* Info.plist */ = {isa = PBXFileReference; lastKnownFileType = text.plist.xml; path = Info.plist; sourceTree = "<group>"; };
/* End PBXFileReference section */

/* Begin PBXFrameworksBuildPhase section */
		D496EE811F5FBD76003671D0 /* Frameworks */ = {
			isa = PBXFrameworksBuildPhase;
			buildActionMask = 2147483647;
			files = (
			);
			runOnlyForDeploymentPostprocessing = 0;
		};
/* End PBXFrameworksBuildPhase section */

/* Begin PBXGroup section */
		D496EE7B1F5FBD76003671D0 = {
			isa = PBXGroup;
			children = (
				D48066A61F60755C0028170A /* README.md */,
				D496EE861F5FBD76003671D0 /* tipico */,
				D496EE851F5FBD76003671D0 /* Products */,
			);
			sourceTree = "<group>";
		};
		D496EE851F5FBD76003671D0 /* Products */ = {
			isa = PBXGroup;
			children = (
				D496EE841F5FBD76003671D0 /* tipico.app */,
			);
			name = Products;
			sourceTree = "<group>";
		};
		D496EE861F5FBD76003671D0 /* tipico */ = {
			isa = PBXGroup;
			children = (
				D48066A21F6065140028170A /* TipModel.swift */,
				D496EE871F5FBD76003671D0 /* AppDelegate.swift */,
				D496EE891F5FBD76003671D0 /* ViewController.swift */,
				D496EE8B1F5FBD76003671D0 /* Main.storyboard */,
				D48066A41F606C9D0028170A /* SettingsViewController.swift */,
				D496EE8E1F5FBD76003671D0 /* Assets.xcassets */,
				D496EE901F5FBD76003671D0 /* LaunchScreen.storyboard */,
				D496EE931F5FBD76003671D0 /* Info.plist */,
			);
			path = tipico;
			sourceTree = "<group>";
		};
/* End PBXGroup section */

/* Begin PBXNativeTarget section */
		D496EE831F5FBD76003671D0 /* tipico */ = {
			isa = PBXNativeTarget;
			buildConfigurationList = D496EE961F5FBD76003671D0 /* Build configuration list for PBXNativeTarget "tipico" */;
			buildPhases = (
				D496EE801F5FBD76003671D0 /* Sources */,
				D496EE811F5FBD76003671D0 /* Frameworks */,
				D496EE821F5FBD76003671D0 /* Resources */,
			);
			buildRules = (
			);
			dependencies = (
			);
			name = tipico;
			productName = tipico;
			productReference = D496EE841F5FBD76003671D0 /* tipico.app */;
			productType = "com.apple.product-type.application";
		};
/* End PBXNativeTarget section */

/* Begin PBXProject section */
		D496EE7C1F5FBD76003671D0 /* Project object */ = {
			isa = PBXProject;
			attributes = {
				LastSwiftUpdateCheck = 0900;
				LastUpgradeCheck = 0900;
				ORGANIZATIONNAME = jeduan_cornejo;
				TargetAttributes = {
					D496EE831F5FBD76003671D0 = {
						CreatedOnToolsVersion = 9.0;
						ProvisioningStyle = Automatic;
					};
				};
			};
			buildConfigurationList = D496EE7F1F5FBD76003671D0 /* Build configuration list for PBXProject "tipico" */;
			compatibilityVersion = "Xcode 8.0";
			developmentRegion = en;
			hasScannedForEncodings = 0;
			knownRegions = (
				en,
				Base,
			);
			mainGroup = D496EE7B1F5FBD76003671D0;
			productRefGroup = D496EE851F5FBD76003671D0 /* Products */;
			projectDirPath = "";
			projectRoot = "";
			targets = (
				D496EE831F5FBD76003671D0 /* tipico */,
			);
		};
/* End PBXProject section */

/* Begin PBXResourcesBuildPhase section */
		D496EE821F5FBD76003671D0 /* Resources */ = {
			isa = PBXResourcesBuildPhase;
			buildActionMask = 2147483647;
			files = (
				D496EE921F5FBD76003671D0 /* LaunchScreen.storyboard in Resources */,
				D496EE8F1F5FBD76003671D0 /* Assets.xcassets in Resources */,
				D496EE8D1F5FBD76003671D0 /* Main.storyboard in Resources */,
			);
			runOnlyForDeploymentPostprocessing = 0;
		};
/* End PBXResourcesBuildPhase section */

/* Begin PBXSourcesBuildPhase section */
		D496EE801F5FBD76003671D0 /* Sources */ = {
			isa = PBXSourcesBuildPhase;
			buildActionMask = 2147483647;
			files = (
				D48066A31F6065140028170A /* TipModel.swift in Sources */,
				D496EE8A1F5FBD76003671D0 /* ViewController.swift in Sources */,
				D496EE881F5FBD76003671D0 /* AppDelegate.swift in Sources */,
				D48066A51F606C9D0028170A /* SettingsViewController.swift in Sources */,
			);
			runOnlyForDeploymentPostprocessing = 0;
		};
/* End PBXSourcesBuildPhase section */

/* Begin PBXVariantGroup section */
		D496EE8B1F5FBD76003671D0 /* Main.storyboard */ = {
			isa = PBXVariantGroup;
			children = (
				D496EE8C1F5FBD76003671D0 /* Base */,
			);
			name = Main.storyboard;
			sourceTree = "<group>";
		};
		D496EE901F5FBD76003671D0 /* LaunchScreen.storyboard */ = {
			isa = PBXVariantGroup;
			children = (
				D496EE911F5FBD76003671D0 /* Base */,
			);
			name = LaunchScreen.storyboard;
			sourceTree = "<group>";
		};
/* End PBXVariantGroup section */

/* Begin XCBuildConfiguration section */
		D496EE941F5FBD76003671D0 /* Debug */ = {
			isa = XCBuildConfiguration;
			buildSettings = {
				ALWAYS_SEARCH_USER_PATHS = NO;
				CLANG_ANALYZER_NONNULL = YES;
				CLANG_ANALYZER_NUMBER_OBJECT_CONVERSION = YES_AGGRESSIVE;
				CLANG_CXX_LANGUAGE_STANDARD = "gnu++14";
				CLANG_CXX_LIBRARY = "libc++";
				CLANG_ENABLE_MODULES = YES;
				CLANG_ENABLE_OBJC_ARC = YES;
				CLANG_WARN_BLOCK_CAPTURE_AUTORELEASING = YES;
				CLANG_WARN_BOOL_CONVERSION = YES;
				CLANG_WARN_COMMA = YES;
				CLANG_WARN_CONSTANT_CONVERSION = YES;
				CLANG_WARN_DIRECT_OBJC_ISA_USAGE = YES_ERROR;
				CLANG_WARN_DOCUMENTATION_COMMENTS = YES;
				CLANG_WARN_EMPTY_BODY = YES;
				CLANG_WARN_ENUM_CONVERSION = YES;
				CLANG_WARN_INFINITE_RECURSION = YES;
				CLANG_WARN_INT_CONVERSION = YES;
				CLANG_WARN_NON_LITERAL_NULL_CONVERSION = YES;
				CLANG_WARN_OBJC_LITERAL_CONVERSION = YES;
				CLANG_WARN_OBJC_ROOT_CLASS = YES_ERROR;
				CLANG_WARN_RANGE_LOOP_ANALYSIS = YES;
				CLANG_WARN_STRICT_PROTOTYPES = YES;
				CLANG_WARN_SUSPICIOUS_MOVE = YES;
				CLANG_WARN_UNGUARDED_AVAILABILITY = YES_AGGRESSIVE;
				CLANG_WARN_UNREACHABLE_CODE = YES;
				CLANG_WARN__DUPLICATE_METHOD_MATCH = YES;
				CODE_SIGN_IDENTITY = "iPhone Developer";
				COPY_PHASE_STRIP = NO;
				DEBUG_INFORMATION_FORMAT = dwarf;
				ENABLE_STRICT_OBJC_MSGSEND = YES;
				ENABLE_TESTABILITY = YES;
				GCC_C_LANGUAGE_STANDARD = gnu11;
				GCC_DYNAMIC_NO_PIC = NO;
				GCC_NO_COMMON_BLOCKS = YES;
				GCC_OPTIMIZATION_LEVEL = 0;
				GCC_PREPROCESSOR_DEFINITIONS = (
					"DEBUG=1",
					"$(inherited)",
				);
				GCC_WARN_64_TO_32_BIT_CONVERSION = YES;
				GCC_WARN_ABOUT_RETURN_TYPE = YES_ERROR;
				GCC_WARN_UNDECLARED_SELECTOR = YES;
				GCC_WARN_UNINITIALIZED_AUTOS = YES_AGGRESSIVE;
				GCC_WARN_UNUSED_FUNCTION = YES;
				GCC_WARN_UNUSED_VARIABLE = YES;
				IPHONEOS_DEPLOYMENT_TARGET = 11.0;
				MTL_ENABLE_DEBUG_INFO = YES;
				ONLY_ACTIVE_ARCH = YES;
				SDKROOT = iphoneos;
				SWIFT_ACTIVE_COMPILATION_CONDITIONS = DEBUG;
				SWIFT_OPTIMIZATION_LEVEL = "-Onone";
			};
			name = Debug;
		};
		D496EE951F5FBD76003671D0 /* Release */ = {
			isa = XCBuildConfiguration;
			buildSettings = {
				ALWAYS_SEARCH_USER_PATHS = NO;
				CLANG_ANALYZER_NONNULL = YES;
				CLANG_ANALYZER_NUMBER_OBJECT_CONVERSION = YES_AGGRESSIVE;
				CLANG_CXX_LANGUAGE_STANDARD = "gnu++14";
				CLANG_CXX_LIBRARY = "libc++";
				CLANG_ENABLE_MODULES = YES;
				CLANG_ENABLE_OBJC_ARC = YES;
				CLANG_WARN_BLOCK_CAPTURE_AUTORELEASING = YES;
				CLANG_WARN_BOOL_CONVERSION = YES;
				CLANG_WARN_COMMA = YES;
				CLANG_WARN_CONSTANT_CONVERSION = YES;
				CLANG_WARN_DIRECT_OBJC_ISA_USAGE = YES_ERROR;
				CLANG_WARN_DOCUMENTATION_COMMENTS = YES;
				CLANG_WARN_EMPTY_BODY = YES;
				CLANG_WARN_ENUM_CONVERSION = YES;
				CLANG_WARN_INFINITE_RECURSION = YES;
				CLANG_WARN_INT_CONVERSION = YES;
				CLANG_WARN_NON_LITERAL_NULL_CONVERSION = YES;
				CLANG_WARN_OBJC_LITERAL_CONVERSION = YES;
				CLANG_WARN_OBJC_ROOT_CLASS = YES_ERROR;
				CLANG_WARN_RANGE_LOOP_ANALYSIS = YES;
				CLANG_WARN_STRICT_PROTOTYPES = YES;
				CLANG_WARN_SUSPICIOUS_MOVE = YES;
				CLANG_WARN_UNGUARDED_AVAILABILITY = YES_AGGRESSIVE;
				CLANG_WARN_UNREACHABLE_CODE = YES;
				CLANG_WARN__DUPLICATE_METHOD_MATCH = YES;
				CODE_SIGN_IDENTITY = "iPhone Developer";
				COPY_PHASE_STRIP = NO;
				DEBUG_INFORMATION_FORMAT = "dwarf-with-dsym";
				ENABLE_NS_ASSERTIONS = NO;
				ENABLE_STRICT_OBJC_MSGSEND = YES;
				GCC_C_LANGUAGE_STANDARD = gnu11;
				GCC_NO_COMMON_BLOCKS = YES;
				GCC_WARN_64_TO_32_BIT_CONVERSION = YES;
				GCC_WARN_ABOUT_RETURN_TYPE = YES_ERROR;
				GCC_WARN_UNDECLARED_SELECTOR = YES;
				GCC_WARN_UNINITIALIZED_AUTOS = YES_AGGRESSIVE;
				GCC_WARN_UNUSED_FUNCTION = YES;
				GCC_WARN_UNUSED_VARIABLE = YES;
				IPHONEOS_DEPLOYMENT_TARGET = 11.0;
				MTL_ENABLE_DEBUG_INFO = NO;
				SDKROOT = iphoneos;
				SWIFT_OPTIMIZATION_LEVEL = "-Owholemodule";
				VALIDATE_PRODUCT = YES;
			};
			name = Release;
		};
		D496EE971F5FBD76003671D0 /* Debug */ = {
			isa = XCBuildConfiguration;
			buildSettings = {
				ASSETCATALOG_COMPILER_APPICON_NAME = AppIcon;
				CODE_SIGN_STYLE = Automatic;
				DEVELOPMENT_TEAM = 438C9XY7Q3;
				INFOPLIST_FILE = tipico/Info.plist;
				LD_RUNPATH_SEARCH_PATHS = "$(inherited) @executable_path/Frameworks";
				PRODUCT_BUNDLE_IDENTIFIER = com.jeduan.tipico;
				PRODUCT_NAME = "$(TARGET_NAME)";
				SWIFT_VERSION = 4.0;
				TARGETED_DEVICE_FAMILY = 1;
			};
			name = Debug;
		};
		D496EE981F5FBD76003671D0 /* Release */ = {
			isa = XCBuildConfiguration;
			buildSettings = {
				ASSETCATALOG_COMPILER_APPICON_NAME = AppIcon;
				CODE_SIGN_STYLE = Automatic;
				DEVELOPMENT_TEAM = 438C9XY7Q3;
				INFOPLIST_FILE = tipico/Info.plist;
				LD_RUNPATH_SEARCH_PATHS = "$(inherited) @executable_path/Frameworks";
				PRODUCT_BUNDLE_IDENTIFIER = com.jeduan.tipico;
				PRODUCT_NAME = "$(TARGET_NAME)";
				SWIFT_VERSION = 4.0;
				TARGETED_DEVICE_FAMILY = 1;
			};
			name = Release;
		};
/* End XCBuildConfiguration section */

/* Begin XCConfigurationList section */
		D496EE7F1F5FBD76003671D0 /* Build configuration list for PBXProject "tipico" */ = {
			isa = XCConfigurationList;
			buildConfigurations = (
				D496EE941F5FBD76003671D0 /* Debug */,
				D496EE951F5FBD76003671D0 /* Release */,
			);
			defaultConfigurationIsVisible = 0;
			defaultConfigurationName = Release;
		};
		D496EE961F5FBD76003671D0 /* Build configuration list for PBXNativeTarget "tipico" */ = {
			isa = XCConfigurationList;
			buildConfigurations = (
				D496EE971F5FBD76003671D0 /* Debug */,
				D496EE981F5FBD76003671D0 /* Release */,
			);
			defaultConfigurationIsVisible = 0;
			defaultConfigurationName = Release;
		};
/* End XCConfigurationList section */
	};
	rootObject = D496EE7C1F5FBD76003671D0 /* Project object */;
}
